
Microsoft Visual Studio Solution File, Format Version 12.00
# Visual Studio 14
VisualStudioVersion = 14.0.25420.1
MinimumVisualStudioVersion = 10.0.40219.1
Project("{FAE04EC0-301F-11D3-BF4B-00C04F79EFBC}") = "SamplesTrial", "SamplesTrial\SamplesTrial.csproj", "{A1D07946-D794-4D43-AB80-ADFAB0395C91}"
EndProject
Project("{FAE04EC0-301F-11D3-BF4B-00C04F79EFBC}") = "Samples-WebJob", "Samples-WebJob\Samples-WebJob.csproj", "{269FEFBB-F23F-490F-9F5F-27B065E0AB91}"
EndProject
Global
	GlobalSection(SolutionConfigurationPlatforms) = preSolution
		Debug|Any CPU = Debug|Any CPU
		Release|Any CPU = Release|Any CPU
	EndGlobalSection
	GlobalSection(ProjectConfigurationPlatforms) = postSolution
		{A1D07946-D794-4D43-AB80-ADFAB0395C91}.Debug|Any CPU.ActiveCfg = Debug|Any CPU
		{A1D07946-D794-4D43-AB80-ADFAB0395C91}.Debug|Any CPU.Build.0 = Debug|Any CPU
		{A1D07946-D794-4D43-AB80-ADFAB0395C91}.Release|Any CPU.ActiveCfg = Release|Any CPU
		{A1D07946-D794-4D43-AB80-ADFAB0395C91}.Release|Any CPU.Build.0 = Release|Any CPU
		{269FEFBB-F23F-490F-9F5F-27B065E0AB91}.Debug|Any CPU.ActiveCfg = Debug|Any CPU
		{269FEFBB-F23F-490F-9F5F-27B065E0AB91}.Debug|Any CPU.Build.0 = Debug|Any CPU
		{269FEFBB-F23F-490F-9F5F-27B065E0AB91}.Release|Any CPU.ActiveCfg = Release|Any CPU
		{269FEFBB-F23F-490F-9F5F-27B065E0AB91}.Release|Any CPU.Build.0 = Release|Any CPU
	EndGlobalSection
	GlobalSection(SolutionProperties) = preSolution
		HideSolutionNode = FALSE
	EndGlobalSection
EndGlobal
